
Microsoft Visual Studio Solution File, Format Version 12.00
# Visual Studio Version 17
VisualStudioVersion = 17.0.32112.339
MinimumVisualStudioVersion = 10.0.40219.1
Project("{FAE04EC0-301F-11D3-BF4B-00C04F79EFBC}") = "API", "API\API.csproj", "{672F5FD9-4B85-4234-9A84-55011BF0487B}"
EndProject
Project("{FAE04EC0-301F-11D3-BF4B-00C04F79EFBC}") = "DAL", "DAL\DAL.csproj", "{3C17422D-B855-409A-9CE4-E6567C5987CF}"
EndProject
Global
	GlobalSection(SolutionConfigurationPlatforms) = preSolution
		Debug|Any CPU = Debug|Any CPU
		Release|Any CPU = Release|Any CPU
	EndGlobalSection
	GlobalSection(ProjectConfigurationPlatforms) = postSolution
		{672F5FD9-4B85-4234-9A84-55011BF0487B}.Debug|Any CPU.ActiveCfg = Debug|Any CPU
		{672F5FD9-4B85-4234-9A84-55011BF0487B}.Debug|Any CPU.Build.0 = Debug|Any CPU
		{672F5FD9-4B85-4234-9A84-55011BF0487B}.Release|Any CPU.ActiveCfg = Release|Any CPU
		{672F5FD9-4B85-4234-9A84-55011BF0487B}.Release|Any CPU.Build.0 = Release|Any CPU
		{3C17422D-B855-409A-9CE4-E6567C5987CF}.Debug|Any CPU.ActiveCfg = Debug|Any CPU
		{3C17422D-B855-409A-9CE4-E6567C5987CF}.Debug|Any CPU.Build.0 = Debug|Any CPU
		{3C17422D-B855-409A-9CE4-E6567C5987CF}.Release|Any CPU.ActiveCfg = Release|Any CPU
		{3C17422D-B855-409A-9CE4-E6567C5987CF}.Release|Any CPU.Build.0 = Release|Any CPU
	EndGlobalSection
	GlobalSection(SolutionProperties) = preSolution
		HideSolutionNode = FALSE
	EndGlobalSection
	GlobalSection(ExtensibilityGlobals) = postSolution
		SolutionGuid = {B0F9058D-0FB5-4215-8410-C565D9A373FD}
	EndGlobalSection
EndGlobal
